
Microsoft Visual Studio Solution File, Format Version 12.00
# Visual Studio Version 17
VisualStudioVersion = 17.9.34701.34
MinimumVisualStudioVersion = 10.0.40219.1
Project("{9A19103F-16F7-4668-BE54-9A1E7A4F7556}") = "Core_Proje", "Core_Proje\Core_Proje.csproj", "{AA653B60-C9D5-4D66-A376-3327736ECB4C}"
EndProject
Project("{9A19103F-16F7-4668-BE54-9A1E7A4F7556}") = "BusinessLayer", "BusinessLayer\BusinessLayer.csproj", "{5A7C1367-9200-4474-ACDE-83B569D4C2D2}"
EndProject
Project("{9A19103F-16F7-4668-BE54-9A1E7A4F7556}") = "DataAccessLayer", "DataAccessLayer\DataAccessLayer.csproj", "{AC3FAC82-841C-4B25-B665-3B0360046784}"
EndProject
Project("{9A19103F-16F7-4668-BE54-9A1E7A4F7556}") = "EntityLayer", "EntityLayer\EntityLayer.csproj", "{107505E0-187F-4ED4-9E48-D17763AC68A6}"
EndProject
Project("{FAE04EC0-301F-11D3-BF4B-00C04F79EFBC}") = "Core_Proje_api", "Core_Proje_api\Core_Proje_api.csproj", "{BA51BB3A-DC7D-416B-82D7-A05FDC56688D}"
EndProject
Global
	GlobalSection(SolutionConfigurationPlatforms) = preSolution
		Debug|Any CPU = Debug|Any CPU
		Release|Any CPU = Release|Any CPU
	EndGlobalSection
	GlobalSection(ProjectConfigurationPlatforms) = postSolution
		{AA653B60-C9D5-4D66-A376-3327736ECB4C}.Debug|Any CPU.ActiveCfg = Debug|Any CPU
		{AA653B60-C9D5-4D66-A376-3327736ECB4C}.Debug|Any CPU.Build.0 = Debug|Any CPU
		{AA653B60-C9D5-4D66-A376-3327736ECB4C}.Release|Any CPU.ActiveCfg = Release|Any CPU
		{AA653B60-C9D5-4D66-A376-3327736ECB4C}.Release|Any CPU.Build.0 = Release|Any CPU
		{5A7C1367-9200-4474-ACDE-83B569D4C2D2}.Debug|Any CPU.ActiveCfg = Debug|Any CPU
		{5A7C1367-9200-4474-ACDE-83B569D4C2D2}.Debug|Any CPU.Build.0 = Debug|Any CPU
		{5A7C1367-9200-4474-ACDE-83B569D4C2D2}.Release|Any CPU.ActiveCfg = Release|Any CPU
		{5A7C1367-9200-4474-ACDE-83B569D4C2D2}.Release|Any CPU.Build.0 = Release|Any CPU
		{AC3FAC82-841C-4B25-B665-3B0360046784}.Debug|Any CPU.ActiveCfg = Debug|Any CPU
		{AC3FAC82-841C-4B25-B665-3B0360046784}.Debug|Any CPU.Build.0 = Debug|Any CPU
		{AC3FAC82-841C-4B25-B665-3B0360046784}.Release|Any CPU.ActiveCfg = Release|Any CPU
		{AC3FAC82-841C-4B25-B665-3B0360046784}.Release|Any CPU.Build.0 = Release|Any CPU
		{107505E0-187F-4ED4-9E48-D17763AC68A6}.Debug|Any CPU.ActiveCfg = Debug|Any CPU
		{107505E0-187F-4ED4-9E48-D17763AC68A6}.Debug|Any CPU.Build.0 = Debug|Any CPU
		{107505E0-187F-4ED4-9E48-D17763AC68A6}.Release|Any CPU.ActiveCfg = Release|Any CPU
		{107505E0-187F-4ED4-9E48-D17763AC68A6}.Release|Any CPU.Build.0 = Release|Any CPU
		{BA51BB3A-DC7D-416B-82D7-A05FDC56688D}.Debug|Any CPU.ActiveCfg = Debug|Any CPU
		{BA51BB3A-DC7D-416B-82D7-A05FDC56688D}.Debug|Any CPU.Build.0 = Debug|Any CPU
		{BA51BB3A-DC7D-416B-82D7-A05FDC56688D}.Release|Any CPU.ActiveCfg = Release|Any CPU
		{BA51BB3A-DC7D-416B-82D7-A05FDC56688D}.Release|Any CPU.Build.0 = Release|Any CPU
	EndGlobalSection
	GlobalSection(SolutionProperties) = preSolution
		HideSolutionNode = FALSE
	EndGlobalSection
	GlobalSection(ExtensibilityGlobals) = postSolution
		SolutionGuid = {4855920F-B9B4-45E8-9EA1-CF7240BEED67}
	EndGlobalSection
EndGlobal
